
Microsoft Visual Studio Solution File, Format Version 12.00
# Visual Studio Version 17
VisualStudioVersion = 17.5.002.0
MinimumVisualStudioVersion = 10.0.40219.1
Project("{2150E333-8FDC-42A3-9474-1A3956D46DE8}") = "csharp-prep", "csharp-prep", "{1C9BF65E-6F7B-4474-8639-621981D26ABA}"
EndProject
Project("{9A19103F-16F7-4668-BE54-9A1E7A4F7556}") = "Prep1", "csharp-prep\Prep1\Prep1.csproj", "{20906619-1DA6-4F66-A0E2-2BF1F187FE40}"
EndProject
Project("{9A19103F-16F7-4668-BE54-9A1E7A4F7556}") = "Prep2", "csharp-prep\Prep2\Prep2.csproj", "{6E55A898-A447-4F70-8AEE-5BD225AC2CC6}"
EndProject
Project("{9A19103F-16F7-4668-BE54-9A1E7A4F7556}") = "Prep3", "csharp-prep\Prep3\Prep3.csproj", "{8A9B97BA-0D5B-4B4A-BD80-59977567B7A9}"
EndProject
Project("{9A19103F-16F7-4668-BE54-9A1E7A4F7556}") = "Prep4", "csharp-prep\Prep4\Prep4.csproj", "{9A96DC5F-1F83-4659-934F-DD2C22D5A41D}"
EndProject
Project("{9A19103F-16F7-4668-BE54-9A1E7A4F7556}") = "Prep5", "csharp-prep\Prep5\Prep5.csproj", "{C664258A-5A92-4B2A-A738-B73ACDC1B4E3}"
EndProject
Project("{2150E333-8FDC-42A3-9474-1A3956D46DE8}") = "final", "final", "{EC91621D-CFF6-47C9-8EBB-24EE057DA21E}"
EndProject
Project("{9A19103F-16F7-4668-BE54-9A1E7A4F7556}") = "FinalProject", "final\FinalProject\FinalProject.csproj", "{CDA3EB23-899E-4944-9303-A9D352F37E1A}"
EndProject
Project("{9A19103F-16F7-4668-BE54-9A1E7A4F7556}") = "Foundation1", "final\Foundation1\Foundation1.csproj", "{12A2EF6A-A0E9-481F-9A17-665798BF5CFE}"
EndProject
Project("{9A19103F-16F7-4668-BE54-9A1E7A4F7556}") = "Foundation2", "final\Foundation2\Foundation2.csproj", "{986031A1-C290-4D93-8232-FDF1A5A291D6}"
EndProject
Project("{9A19103F-16F7-4668-BE54-9A1E7A4F7556}") = "Foundation3", "final\Foundation3\Foundation3.csproj", "{9B4DC561-961B-4037-89EF-C33BB72940B0}"
EndProject
Project("{9A19103F-16F7-4668-BE54-9A1E7A4F7556}") = "Foundation4", "final\Foundation4\Foundation4.csproj", "{04D970D4-71BA-48D4-A81B-1C5A673C3A7E}"
EndProject
Project("{2150E333-8FDC-42A3-9474-1A3956D46DE8}") = "prepare", "prepare", "{3D49E7C7-D4CB-40F6-940A-C5A2AF59F3F0}"
EndProject
Project("{9A19103F-16F7-4668-BE54-9A1E7A4F7556}") = "Learning02", "prepare\Learning02\Learning02.csproj", "{8D509318-6062-458C-A9BE-747BD899F633}"
EndProject
Project("{9A19103F-16F7-4668-BE54-9A1E7A4F7556}") = "Learning03", "prepare\Learning03\Learning03.csproj", "{D882E325-55F6-4315-8F5A-846547CB2C99}"
EndProject
Project("{9A19103F-16F7-4668-BE54-9A1E7A4F7556}") = "Learning04", "prepare\Learning04\Learning04.csproj", "{5CB1C5BE-A8AA-4C17-965F-F79A4709B6DD}"
EndProject
Project("{9A19103F-16F7-4668-BE54-9A1E7A4F7556}") = "Learning05", "prepare\Learning05\Learning05.csproj", "{BCF7C23F-79FA-491D-935D-9CEAD17B7B2F}"
EndProject
Project("{2150E333-8FDC-42A3-9474-1A3956D46DE8}") = "prove", "prove", "{B64A5E1B-0B82-4467-80EF-9521A759EAEB}"
EndProject
Project("{9A19103F-16F7-4668-BE54-9A1E7A4F7556}") = "Develop02", "prove\Develop02\Develop02.csproj", "{839BB020-509F-4CE8-A764-DA897CDBDF09}"
EndProject
Project("{9A19103F-16F7-4668-BE54-9A1E7A4F7556}") = "Develop03", "prove\Develop03\Develop03.csproj", "{51E607D0-85AB-4D8A-AAFF-07D507AB7574}"
EndProject
Project("{9A19103F-16F7-4668-BE54-9A1E7A4F7556}") = "Develop04", "prove\Develop04\Develop04.csproj", "{F963FE9D-68BD-42A2-958D-A4D1110791BC}"
EndProject
Project("{9A19103F-16F7-4668-BE54-9A1E7A4F7556}") = "Develop05", "prove\Develop05\Develop05.csproj", "{83800DBF-5D95-41D7-A69F-A98A38112B5B}"
EndProject
Project("{2150E333-8FDC-42A3-9474-1A3956D46DE8}") = "sandbox", "sandbox", "{D1A0D2EA-5FB4-4D8F-8460-AD1CBB427F38}"
EndProject
Project("{9A19103F-16F7-4668-BE54-9A1E7A4F7556}") = "Sandbox", "sandbox\Sandbox\Sandbox.csproj", "{F7C70C84-F46C-4B91-B79A-C8C7D35BE378}"
EndProject
Global
	GlobalSection(SolutionConfigurationPlatforms) = preSolution
		Debug|Any CPU = Debug|Any CPU
		Release|Any CPU = Release|Any CPU
	EndGlobalSection
	GlobalSection(ProjectConfigurationPlatforms) = postSolution
		{20906619-1DA6-4F66-A0E2-2BF1F187FE40}.Debug|Any CPU.ActiveCfg = Debug|Any CPU
		{20906619-1DA6-4F66-A0E2-2BF1F187FE40}.Debug|Any CPU.Build.0 = Debug|Any CPU
		{20906619-1DA6-4F66-A0E2-2BF1F187FE40}.Release|Any CPU.ActiveCfg = Release|Any CPU
		{20906619-1DA6-4F66-A0E2-2BF1F187FE40}.Release|Any CPU.Build.0 = Release|Any CPU
		{6E55A898-A447-4F70-8AEE-5BD225AC2CC6}.Debug|Any CPU.ActiveCfg = Debug|Any CPU
		{6E55A898-A447-4F70-8AEE-5BD225AC2CC6}.Debug|Any CPU.Build.0 = Debug|Any CPU
		{6E55A898-A447-4F70-8AEE-5BD225AC2CC6}.Release|Any CPU.ActiveCfg = Release|Any CPU
		{6E55A898-A447-4F70-8AEE-5BD225AC2CC6}.Release|Any CPU.Build.0 = Release|Any CPU
		{8A9B97BA-0D5B-4B4A-BD80-59977567B7A9}.Debug|Any CPU.ActiveCfg = Debug|Any CPU
		{8A9B97BA-0D5B-4B4A-BD80-59977567B7A9}.Debug|Any CPU.Build.0 = Debug|Any CPU
		{8A9B97BA-0D5B-4B4A-BD80-59977567B7A9}.Release|Any CPU.ActiveCfg = Release|Any CPU
		{8A9B97BA-0D5B-4B4A-BD80-59977567B7A9}.Release|Any CPU.Build.0 = Release|Any CPU
		{9A96DC5F-1F83-4659-934F-DD2C22D5A41D}.Debug|Any CPU.ActiveCfg = Debug|Any CPU
		{9A96DC5F-1F83-4659-934F-DD2C22D5A41D}.Debug|Any CPU.Build.0 = Debug|Any CPU
		{9A96DC5F-1F83-4659-934F-DD2C22D5A41D}.Release|Any CPU.ActiveCfg = Release|Any CPU
		{9A96DC5F-1F83-4659-934F-DD2C22D5A41D}.Release|Any CPU.Build.0 = Release|Any CPU
		{C664258A-5A92-4B2A-A738-B73ACDC1B4E3}.Debug|Any CPU.ActiveCfg = Debug|Any CPU
		{C664258A-5A92-4B2A-A738-B73ACDC1B4E3}.Debug|Any CPU.Build.0 = Debug|Any CPU
		{C664258A-5A92-4B2A-A738-B73ACDC1B4E3}.Release|Any CPU.ActiveCfg = Release|Any CPU
		{C664258A-5A92-4B2A-A738-B73ACDC1B4E3}.Release|Any CPU.Build.0 = Release|Any CPU
		{CDA3EB23-899E-4944-9303-A9D352F37E1A}.Debug|Any CPU.ActiveCfg = Debug|Any CPU
		{CDA3EB23-899E-4944-9303-A9D352F37E1A}.Debug|Any CPU.Build.0 = Debug|Any CPU
		{CDA3EB23-899E-4944-9303-A9D352F37E1A}.Release|Any CPU.ActiveCfg = Release|Any CPU
		{CDA3EB23-899E-4944-9303-A9D352F37E1A}.Release|Any CPU.Build.0 = Release|Any CPU
		{12A2EF6A-A0E9-481F-9A17-665798BF5CFE}.Debug|Any CPU.ActiveCfg = Debug|Any CPU
		{12A2EF6A-A0E9-481F-9A17-665798BF5CFE}.Debug|Any CPU.Build.0 = Debug|Any CPU
		{12A2EF6A-A0E9-481F-9A17-665798BF5CFE}.Release|Any CPU.ActiveCfg = Release|Any CPU
		{12A2EF6A-A0E9-481F-9A17-665798BF5CFE}.Release|Any CPU.Build.0 = Release|Any CPU
		{986031A1-C290-4D93-8232-FDF1A5A291D6}.Debug|Any CPU.ActiveCfg = Debug|Any CPU
		{986031A1-C290-4D93-8232-FDF1A5A291D6}.Debug|Any CPU.Build.0 = Debug|Any CPU
		{986031A1-C290-4D93-8232-FDF1A5A291D6}.Release|Any CPU.ActiveCfg = Release|Any CPU
		{986031A1-C290-4D93-8232-FDF1A5A291D6}.Release|Any CPU.Build.0 = Release|Any CPU
		{9B4DC561-961B-4037-89EF-C33BB72940B0}.Debug|Any CPU.ActiveCfg = Debug|Any CPU
		{9B4DC561-961B-4037-89EF-C33BB72940B0}.Debug|Any CPU.Build.0 = Debug|Any CPU
		{9B4DC561-961B-4037-89EF-C33BB72940B0}.Release|Any CPU.ActiveCfg = Release|Any CPU
		{9B4DC561-961B-4037-89EF-C33BB72940B0}.Release|Any CPU.Build.0 = Release|Any CPU
		{04D970D4-71BA-48D4-A81B-1C5A673C3A7E}.Debug|Any CPU.ActiveCfg = Debug|Any CPU
		{04D970D4-71BA-48D4-A81B-1C5A673C3A7E}.Debug|Any CPU.Build.0 = Debug|Any CPU
		{04D970D4-71BA-48D4-A81B-1C5A673C3A7E}.Release|Any CPU.ActiveCfg = Release|Any CPU
		{04D970D4-71BA-48D4-A81B-1C5A673C3A7E}.Release|Any CPU.Build.0 = Release|Any CPU
		{8D509318-6062-458C-A9BE-747BD899F633}.Debug|Any CPU.ActiveCfg = Debug|Any CPU
		{8D509318-6062-458C-A9BE-747BD899F633}.Debug|Any CPU.Build.0 = Debug|Any CPU
		{8D509318-6062-458C-A9BE-747BD899F633}.Release|Any CPU.ActiveCfg = Release|Any CPU
		{8D509318-6062-458C-A9BE-747BD899F633}.Release|Any CPU.Build.0 = Release|Any CPU
		{D882E325-55F6-4315-8F5A-846547CB2C99}.Debug|Any CPU.ActiveCfg = Debug|Any CPU
		{D882E325-55F6-4315-8F5A-846547CB2C99}.Debug|Any CPU.Build.0 = Debug|Any CPU
		{D882E325-55F6-4315-8F5A-846547CB2C99}.Release|Any CPU.ActiveCfg = Release|Any CPU
		{D882E325-55F6-4315-8F5A-846547CB2C99}.Release|Any CPU.Build.0 = Release|Any CPU
		{5CB1C5BE-A8AA-4C17-965F-F79A4709B6DD}.Debug|Any CPU.ActiveCfg = Debug|Any CPU
		{5CB1C5BE-A8AA-4C17-965F-F79A4709B6DD}.Debug|Any CPU.Build.0 = Debug|Any CPU
		{5CB1C5BE-A8AA-4C17-965F-F79A4709B6DD}.Release|Any CPU.ActiveCfg = Release|Any CPU
		{5CB1C5BE-A8AA-4C17-965F-F79A4709B6DD}.Release|Any CPU.Build.0 = Release|Any CPU
		{BCF7C23F-79FA-491D-935D-9CEAD17B7B2F}.Debug|Any CPU.ActiveCfg = Debug|Any CPU
		{BCF7C23F-79FA-491D-935D-9CEAD17B7B2F}.Debug|Any CPU.Build.0 = Debug|Any CPU
		{BCF7C23F-79FA-491D-935D-9CEAD17B7B2F}.Release|Any CPU.ActiveCfg = Release|Any CPU
		{BCF7C23F-79FA-491D-935D-9CEAD17B7B2F}.Release|Any CPU.Build.0 = Release|Any CPU
		{839BB020-509F-4CE8-A764-DA897CDBDF09}.Debug|Any CPU.ActiveCfg = Debug|Any CPU
		{839BB020-509F-4CE8-A764-DA897CDBDF09}.Debug|Any CPU.Build.0 = Debug|Any CPU
		{839BB020-509F-4CE8-A764-DA897CDBDF09}.Release|Any CPU.ActiveCfg = Release|Any CPU
		{839BB020-509F-4CE8-A764-DA897CDBDF09}.Release|Any CPU.Build.0 = Release|Any CPU
		{51E607D0-85AB-4D8A-AAFF-07D507AB7574}.Debug|Any CPU.ActiveCfg = Debug|Any CPU
		{51E607D0-85AB-4D8A-AAFF-07D507AB7574}.Debug|Any CPU.Build.0 = Debug|Any CPU
		{51E607D0-85AB-4D8A-AAFF-07D507AB7574}.Release|Any CPU.ActiveCfg = Release|Any CPU
		{51E607D0-85AB-4D8A-AAFF-07D507AB7574}.Release|Any CPU.Build.0 = Release|Any CPU
		{F963FE9D-68BD-42A2-958D-A4D1110791BC}.Debug|Any CPU.ActiveCfg = Debug|Any CPU
		{F963FE9D-68BD-42A2-958D-A4D1110791BC}.Debug|Any CPU.Build.0 = Debug|Any CPU
		{F963FE9D-68BD-42A2-958D-A4D1110791BC}.Release|Any CPU.ActiveCfg = Release|Any CPU
		{F963FE9D-68BD-42A2-958D-A4D1110791BC}.Release|Any CPU.Build.0 = Release|Any CPU
		{83800DBF-5D95-41D7-A69F-A98A38112B5B}.Debug|Any CPU.ActiveCfg = Debug|Any CPU
		{83800DBF-5D95-41D7-A69F-A98A38112B5B}.Debug|Any CPU.Build.0 = Debug|Any CPU
		{83800DBF-5D95-41D7-A69F-A98A38112B5B}.Release|Any CPU.ActiveCfg = Release|Any CPU
		{83800DBF-5D95-41D7-A69F-A98A38112B5B}.Release|Any CPU.Build.0 = Release|Any CPU
		{F7C70C84-F46C-4B91-B79A-C8C7D35BE378}.Debug|Any CPU.ActiveCfg = Debug|Any CPU
		{F7C70C84-F46C-4B91-B79A-C8C7D35BE378}.Debug|Any CPU.Build.0 = Debug|Any CPU
		{F7C70C84-F46C-4B91-B79A-C8C7D35BE378}.Release|Any CPU.ActiveCfg = Release|Any CPU
		{F7C70C84-F46C-4B91-B79A-C8C7D35BE378}.Release|Any CPU.Build.0 = Release|Any CPU
	EndGlobalSection
	GlobalSection(SolutionProperties) = preSolution
		HideSolutionNode = FALSE
	EndGlobalSection
	GlobalSection(NestedProjects) = preSolution
		{20906619-1DA6-4F66-A0E2-2BF1F187FE40} = {1C9BF65E-6F7B-4474-8639-621981D26ABA}
		{6E55A898-A447-4F70-8AEE-5BD225AC2CC6} = {1C9BF65E-6F7B-4474-8639-621981D26ABA}
		{8A9B97BA-0D5B-4B4A-BD80-59977567B7A9} = {1C9BF65E-6F7B-4474-8639-621981D26ABA}
		{9A96DC5F-1F83-4659-934F-DD2C22D5A41D} = {1C9BF65E-6F7B-4474-8639-621981D26ABA}
		{C664258A-5A92-4B2A-A738-B73ACDC1B4E3} = {1C9BF65E-6F7B-4474-8639-621981D26ABA}
		{CDA3EB23-899E-4944-9303-A9D352F37E1A} = {EC91621D-CFF6-47C9-8EBB-24EE057DA21E}
		{12A2EF6A-A0E9-481F-9A17-665798BF5CFE} = {EC91621D-CFF6-47C9-8EBB-24EE057DA21E}
		{986031A1-C290-4D93-8232-FDF1A5A291D6} = {EC91621D-CFF6-47C9-8EBB-24EE057DA21E}
		{9B4DC561-961B-4037-89EF-C33BB72940B0} = {EC91621D-CFF6-47C9-8EBB-24EE057DA21E}
		{04D970D4-71BA-48D4-A81B-1C5A673C3A7E} = {EC91621D-CFF6-47C9-8EBB-24EE057DA21E}
		{8D509318-6062-458C-A9BE-747BD899F633} = {3D49E7C7-D4CB-40F6-940A-C5A2AF59F3F0}
		{D882E325-55F6-4315-8F5A-846547CB2C99} = {3D49E7C7-D4CB-40F6-940A-C5A2AF59F3F0}
		{5CB1C5BE-A8AA-4C17-965F-F79A4709B6DD} = {3D49E7C7-D4CB-40F6-940A-C5A2AF59F3F0}
		{BCF7C23F-79FA-491D-935D-9CEAD17B7B2F} = {3D49E7C7-D4CB-40F6-940A-C5A2AF59F3F0}
		{839BB020-509F-4CE8-A764-DA897CDBDF09} = {B64A5E1B-0B82-4467-80EF-9521A759EAEB}
		{51E607D0-85AB-4D8A-AAFF-07D507AB7574} = {B64A5E1B-0B82-4467-80EF-9521A759EAEB}
		{F963FE9D-68BD-42A2-958D-A4D1110791BC} = {B64A5E1B-0B82-4467-80EF-9521A759EAEB}
		{83800DBF-5D95-41D7-A69F-A98A38112B5B} = {B64A5E1B-0B82-4467-80EF-9521A759EAEB}
		{F7C70C84-F46C-4B91-B79A-C8C7D35BE378} = {D1A0D2EA-5FB4-4D8F-8460-AD1CBB427F38}
	EndGlobalSection
	GlobalSection(ExtensibilityGlobals) = postSolution
		SolutionGuid = {D8FAE596-AA71-429F-8892-37E66A61C103}
	EndGlobalSection
EndGlobal
